
Microsoft Visual Studio Solution File, Format Version 12.00
Project("{FAE04EC0-301F-11D3-BF4B-00C04F79EFBC}") = "SR_lab", "SR_lab\SR_lab.csproj", "{32B9A88E-7069-43D3-B520-4CFD9696CD0E}"
EndProject
Global
	GlobalSection(SolutionConfigurationPlatforms) = preSolution
		Debug|Any CPU = Debug|Any CPU
		Release|Any CPU = Release|Any CPU
	EndGlobalSection
	GlobalSection(ProjectConfigurationPlatforms) = postSolution
		{32B9A88E-7069-43D3-B520-4CFD9696CD0E}.Debug|Any CPU.ActiveCfg = Debug|Any CPU
		{32B9A88E-7069-43D3-B520-4CFD9696CD0E}.Debug|Any CPU.Build.0 = Debug|Any CPU
		{32B9A88E-7069-43D3-B520-4CFD9696CD0E}.Release|Any CPU.ActiveCfg = Release|Any CPU
		{32B9A88E-7069-43D3-B520-4CFD9696CD0E}.Release|Any CPU.Build.0 = Release|Any CPU
	EndGlobalSection
EndGlobal
